// !$*UTF8*$!
{
	archiveVersion = 1;
	classes = {
	};
	objectVersion = 46;
	objects = {

/* Begin PBXBuildFile section */
		411F39E71F47AACE0042DDEC /* PersonalAccount.cpp in Sources */ = {isa = PBXBuildFile; fileRef = 411F39E51F47AACE0042DDEC /* PersonalAccount.cpp */; };
		411F39ED1F4BB8020042DDEC /* Saving_Account.cpp in Sources */ = {isa = PBXBuildFile; fileRef = 411F39EB1F4BB8020042DDEC /* Saving_Account.cpp */; };
		415ACDDC1F350284003BF3A6 /* Checking_Account.cpp in Sources */ = {isa = PBXBuildFile; fileRef = 415ACDDA1F350284003BF3A6 /* Checking_Account.cpp */; };
		415ACDDF1F354601003BF3A6 /* Debit_card.cpp in Sources */ = {isa = PBXBuildFile; fileRef = 415ACDDD1F354601003BF3A6 /* Debit_card.cpp */; };
		416DB1741F32A4CB00DF05AB /* main.cpp in Sources */ = {isa = PBXBuildFile; fileRef = 416DB1731F32A4CB00DF05AB /* main.cpp */; };
		416DB17C1F32A97A00DF05AB /* Bank_Of_America.cpp in Sources */ = {isa = PBXBuildFile; fileRef = 416DB17A1F32A97A00DF05AB /* Bank_Of_America.cpp */; };
/* End PBXBuildFile section */

/* Begin PBXCopyFilesBuildPhase section */
		416DB16E1F32A4CB00DF05AB /* CopyFiles */ = {
			isa = PBXCopyFilesBuildPhase;
			buildActionMask = 2147483647;
			dstPath = /usr/share/man/man1/;
			dstSubfolderSpec = 0;
			files = (
			);
			runOnlyForDeploymentPostprocessing = 1;
		};
/* End PBXCopyFilesBuildPhase section */

/* Begin PBXFileReference section */
		411F39E51F47AACE0042DDEC /* PersonalAccount.cpp */ = {isa = PBXFileReference; fileEncoding = 4; lastKnownFileType = sourcecode.cpp.cpp; path = PersonalAccount.cpp; sourceTree = "<group>"; };
		411F39E61F47AACE0042DDEC /* PersonalAccount.hpp */ = {isa = PBXFileReference; fileEncoding = 4; lastKnownFileType = sourcecode.cpp.h; path = PersonalAccount.hpp; sourceTree = "<group>"; };
		411F39EB1F4BB8020042DDEC /* Saving_Account.cpp */ = {isa = PBXFileReference; fileEncoding = 4; lastKnownFileType = sourcecode.cpp.cpp; path = Saving_Account.cpp; sourceTree = "<group>"; };
		411F39EC1F4BB8020042DDEC /* Saving_Account.hpp */ = {isa = PBXFileReference; fileEncoding = 4; lastKnownFileType = sourcecode.cpp.h; path = Saving_Account.hpp; sourceTree = "<group>"; };
		415ACDDA1F350284003BF3A6 /* Checking_Account.cpp */ = {isa = PBXFileReference; fileEncoding = 4; lastKnownFileType = sourcecode.cpp.cpp; path = Checking_Account.cpp; sourceTree = "<group>"; };
		415ACDDB1F350284003BF3A6 /* Checking_Account.hpp */ = {isa = PBXFileReference; fileEncoding = 4; lastKnownFileType = sourcecode.cpp.h; path = Checking_Account.hpp; sourceTree = "<group>"; };
		415ACDDD1F354601003BF3A6 /* Debit_card.cpp */ = {isa = PBXFileReference; fileEncoding = 4; lastKnownFileType = sourcecode.cpp.cpp; path = Debit_card.cpp; sourceTree = "<group>"; };
		415ACDDE1F354601003BF3A6 /* Debit_card.hpp */ = {isa = PBXFileReference; fileEncoding = 4; lastKnownFileType = sourcecode.cpp.h; path = Debit_card.hpp; sourceTree = "<group>"; };
		416DB1701F32A4CB00DF05AB /* Bank_management_system */ = {isa = PBXFileReference; explicitFileType = "compiled.mach-o.executable"; includeInIndex = 0; path = Bank_management_system; sourceTree = BUILT_PRODUCTS_DIR; };
		416DB1731F32A4CB00DF05AB /* main.cpp */ = {isa = PBXFileReference; lastKnownFileType = sourcecode.cpp.cpp; path = main.cpp; sourceTree = "<group>"; };
		416DB17A1F32A97A00DF05AB /* Bank_Of_America.cpp */ = {isa = PBXFileReference; fileEncoding = 4; lastKnownFileType = sourcecode.cpp.cpp; path = Bank_Of_America.cpp; sourceTree = "<group>"; };
		416DB17B1F32A97A00DF05AB /* Bank_Of_America.hpp */ = {isa = PBXFileReference; fileEncoding = 4; lastKnownFileType = sourcecode.cpp.h; path = Bank_Of_America.hpp; sourceTree = "<group>"; };
/* End PBXFileReference section */

/* Begin PBXFrameworksBuildPhase section */
		416DB16D1F32A4CB00DF05AB /* Frameworks */ = {
			isa = PBXFrameworksBuildPhase;
			buildActionMask = 2147483647;
			files = (
			);
			runOnlyForDeploymentPostprocessing = 0;
		};
/* End PBXFrameworksBuildPhase section */

/* Begin PBXGroup section */
		416DB1671F32A4CB00DF05AB = {
			isa = PBXGroup;
			children = (
				416DB1721F32A4CB00DF05AB /* Bank_management_system */,
				416DB1711F32A4CB00DF05AB /* Products */,
			);
			sourceTree = "<group>";
		};
		416DB1711F32A4CB00DF05AB /* Products */ = {
			isa = PBXGroup;
			children = (
				416DB1701F32A4CB00DF05AB /* Bank_management_system */,
			);
			name = Products;
			sourceTree = "<group>";
		};
		416DB1721F32A4CB00DF05AB /* Bank_management_system */ = {
			isa = PBXGroup;
			children = (
				416DB1731F32A4CB00DF05AB /* main.cpp */,
				416DB17A1F32A97A00DF05AB /* Bank_Of_America.cpp */,
				416DB17B1F32A97A00DF05AB /* Bank_Of_America.hpp */,
				411F39E51F47AACE0042DDEC /* PersonalAccount.cpp */,
				411F39E61F47AACE0042DDEC /* PersonalAccount.hpp */,
				415ACDDE1F354601003BF3A6 /* Debit_card.hpp */,
				415ACDDD1F354601003BF3A6 /* Debit_card.cpp */,
				415ACDDA1F350284003BF3A6 /* Checking_Account.cpp */,
				415ACDDB1F350284003BF3A6 /* Checking_Account.hpp */,
				411F39EB1F4BB8020042DDEC /* Saving_Account.cpp */,
				411F39EC1F4BB8020042DDEC /* Saving_Account.hpp */,
			);
			path = Bank_management_system;
			sourceTree = "<group>";
		};
/* End PBXGroup section */

/* Begin PBXNativeTarget section */
		416DB16F1F32A4CB00DF05AB /* Bank_management_system */ = {
			isa = PBXNativeTarget;
			buildConfigurationList = 416DB1771F32A4CB00DF05AB /* Build configuration list for PBXNativeTarget "Bank_management_system" */;
			buildPhases = (
				416DB16C1F32A4CB00DF05AB /* Sources */,
				416DB16D1F32A4CB00DF05AB /* Frameworks */,
				416DB16E1F32A4CB00DF05AB /* CopyFiles */,
			);
			buildRules = (
			);
			dependencies = (
			);
			name = Bank_management_system;
			productName = Bank_management_system;
			productReference = 416DB1701F32A4CB00DF05AB /* Bank_management_system */;
			productType = "com.apple.product-type.tool";
		};
/* End PBXNativeTarget section */

/* Begin PBXProject section */
		416DB1681F32A4CB00DF05AB /* Project object */ = {
			isa = PBXProject;
			attributes = {
				LastUpgradeCheck = 0830;
				ORGANIZATIONNAME = "Tam Hoang";
				TargetAttributes = {
					416DB16F1F32A4CB00DF05AB = {
						CreatedOnToolsVersion = 8.3.3;
						ProvisioningStyle = Automatic;
					};
				};
			};
			buildConfigurationList = 416DB16B1F32A4CB00DF05AB /* Build configuration list for PBXProject "Bank_management_system" */;
			compatibilityVersion = "Xcode 3.2";
			developmentRegion = English;
			hasScannedForEncodings = 0;
			knownRegions = (
				en,
			);
			mainGroup = 416DB1671F32A4CB00DF05AB;
			productRefGroup = 416DB1711F32A4CB00DF05AB /* Products */;
			projectDirPath = "";
			projectRoot = "";
			targets = (
				416DB16F1F32A4CB00DF05AB /* Bank_management_system */,
			);
		};
/* End PBXProject section */

/* Begin PBXSourcesBuildPhase section */
		416DB16C1F32A4CB00DF05AB /* Sources */ = {
			isa = PBXSourcesBuildPhase;
			buildActionMask = 2147483647;
			files = (
				415ACDDF1F354601003BF3A6 /* Debit_card.cpp in Sources */,
				415ACDDC1F350284003BF3A6 /* Checking_Account.cpp in Sources */,
				411F39E71F47AACE0042DDEC /* PersonalAccount.cpp in Sources */,
				411F39ED1F4BB8020042DDEC /* Saving_Account.cpp in Sources */,
				416DB1741F32A4CB00DF05AB /* main.cpp in Sources */,
				416DB17C1F32A97A00DF05AB /* Bank_Of_America.cpp in Sources */,
			);
			runOnlyForDeploymentPostprocessing = 0;
		};
/* End PBXSourcesBuildPhase section */

/* Begin XCBuildConfiguration section */
		416DB1751F32A4CB00DF05AB /* Debug */ = {
			isa = XCBuildConfiguration;
			buildSettings = {
				ALWAYS_SEARCH_USER_PATHS = NO;
				CLANG_ANALYZER_NONNULL = YES;
				CLANG_ANALYZER_NUMBER_OBJECT_CONVERSION = YES_AGGRESSIVE;
				CLANG_CXX_LANGUAGE_STANDARD = "gnu++0x";
				CLANG_CXX_LIBRARY = "libc++";
				CLANG_ENABLE_MODULES = YES;
				CLANG_ENABLE_OBJC_ARC = YES;
				CLANG_WARN_BOOL_CONVERSION = YES;
				CLANG_WARN_CONSTANT_CONVERSION = YES;
				CLANG_WARN_DIRECT_OBJC_ISA_USAGE = YES_ERROR;
				CLANG_WARN_DOCUMENTATION_COMMENTS = YES;
				CLANG_WARN_EMPTY_BODY = YES;
				CLANG_WARN_ENUM_CONVERSION = YES;
				CLANG_WARN_INFINITE_RECURSION = YES;
				CLANG_WARN_INT_CONVERSION = YES;
				CLANG_WARN_OBJC_ROOT_CLASS = YES_ERROR;
				CLANG_WARN_SUSPICIOUS_MOVE = YES;
				CLANG_WARN_UNREACHABLE_CODE = YES;
				CLANG_WARN__DUPLICATE_METHOD_MATCH = YES;
				CODE_SIGN_IDENTITY = "-";
				COPY_PHASE_STRIP = NO;
				DEBUG_INFORMATION_FORMAT = dwarf;
				ENABLE_STRICT_OBJC_MSGSEND = YES;
				ENABLE_TESTABILITY = YES;
				GCC_C_LANGUAGE_STANDARD = gnu99;
				GCC_DYNAMIC_NO_PIC = NO;
				GCC_NO_COMMON_BLOCKS = YES;
				GCC_OPTIMIZATION_LEVEL = 0;
				GCC_PREPROCESSOR_DEFINITIONS = (
					"DEBUG=1",
					"$(inherited)",
				);
				GCC_WARN_64_TO_32_BIT_CONVERSION = YES;
				GCC_WARN_ABOUT_RETURN_TYPE = YES_ERROR;
				GCC_WARN_UNDECLARED_SELECTOR = YES;
				GCC_WARN_UNINITIALIZED_AUTOS = YES_AGGRESSIVE;
				GCC_WARN_UNUSED_FUNCTION = YES;
				GCC_WARN_UNUSED_VARIABLE = YES;
				MACOSX_DEPLOYMENT_TARGET = 10.12;
				MTL_ENABLE_DEBUG_INFO = YES;
				ONLY_ACTIVE_ARCH = YES;
				SDKROOT = macosx;
			};
			name = Debug;
		};
		416DB1761F32A4CB00DF05AB /* Release */ = {
			isa = XCBuildConfiguration;
			buildSettings = {
				ALWAYS_SEARCH_USER_PATHS = NO;
				CLANG_ANALYZER_NONNULL = YES;
				CLANG_ANALYZER_NUMBER_OBJECT_CONVERSION = YES_AGGRESSIVE;
				CLANG_CXX_LANGUAGE_STANDARD = "gnu++0x";
				CLANG_CXX_LIBRARY = "libc++";
				CLANG_ENABLE_MODULES = YES;
				CLANG_ENABLE_OBJC_ARC = YES;
				CLANG_WARN_BOOL_CONVERSION = YES;
				CLANG_WARN_CONSTANT_CONVERSION = YES;
				CLANG_WARN_DIRECT_OBJC_ISA_USAGE = YES_ERROR;
				CLANG_WARN_DOCUMENTATION_COMMENTS = YES;
				CLANG_WARN_EMPTY_BODY = YES;
				CLANG_WARN_ENUM_CONVERSION = YES;
				CLANG_WARN_INFINITE_RECURSION = YES;
				CLANG_WARN_INT_CONVERSION = YES;
				CLANG_WARN_OBJC_ROOT_CLASS = YES_ERROR;
				CLANG_WARN_SUSPICIOUS_MOVE = YES;
				CLANG_WARN_UNREACHABLE_CODE = YES;
				CLANG_WARN__DUPLICATE_METHOD_MATCH = YES;
				CODE_SIGN_IDENTITY = "-";
				COPY_PHASE_STRIP = NO;
				DEBUG_INFORMATION_FORMAT = "dwarf-with-dsym";
				ENABLE_NS_ASSERTIONS = NO;
				ENABLE_STRICT_OBJC_MSGSEND = YES;
				GCC_C_LANGUAGE_STANDARD = gnu99;
				GCC_NO_COMMON_BLOCKS = YES;
				GCC_WARN_64_TO_32_BIT_CONVERSION = YES;
				GCC_WARN_ABOUT_RETURN_TYPE = YES_ERROR;
				GCC_WARN_UNDECLARED_SELECTOR = YES;
				GCC_WARN_UNINITIALIZED_AUTOS = YES_AGGRESSIVE;
				GCC_WARN_UNUSED_FUNCTION = YES;
				GCC_WARN_UNUSED_VARIABLE = YES;
				MACOSX_DEPLOYMENT_TARGET = 10.12;
				MTL_ENABLE_DEBUG_INFO = NO;
				SDKROOT = macosx;
			};
			name = Release;
		};
		416DB1781F32A4CB00DF05AB /* Debug */ = {
			isa = XCBuildConfiguration;
			buildSettings = {
				PRODUCT_NAME = "$(TARGET_NAME)";
			};
			name = Debug;
		};
		416DB1791F32A4CB00DF05AB /* Release */ = {
			isa = XCBuildConfiguration;
			buildSettings = {
				PRODUCT_NAME = "$(TARGET_NAME)";
			};
			name = Release;
		};
/* End XCBuildConfiguration section */

/* Begin XCConfigurationList section */
		416DB16B1F32A4CB00DF05AB /* Build configuration list for PBXProject "Bank_management_system" */ = {
			isa = XCConfigurationList;
			buildConfigurations = (
				416DB1751F32A4CB00DF05AB /* Debug */,
				416DB1761F32A4CB00DF05AB /* Release */,
			);
			defaultConfigurationIsVisible = 0;
			defaultConfigurationName = Release;
		};
		416DB1771F32A4CB00DF05AB /* Build configuration list for PBXNativeTarget "Bank_management_system" */ = {
			isa = XCConfigurationList;
			buildConfigurations = (
				416DB1781F32A4CB00DF05AB /* Debug */,
				416DB1791F32A4CB00DF05AB /* Release */,
			);
			defaultConfigurationIsVisible = 0;
			defaultConfigurationName = Release;
		};
/* End XCConfigurationList section */
	};
	rootObject = 416DB1681F32A4CB00DF05AB /* Project object */;
}
